
Microsoft Visual Studio Solution File, Format Version 12.00
# Visual Studio Version 17
VisualStudioVersion = 17.9.34728.123
MinimumVisualStudioVersion = 10.0.40219.1
Project("{8BC9CEB8-8B4A-11D0-8D11-00A0C91BC942}") = "TapQuoteAPIWrapper", "TapQuoteAPIWrapper\TapQuoteAPIWrapper.vcxproj", "{684F43A3-6E93-4823-9BE5-2FDAD9DB57FC}"
EndProject
Project("{FAE04EC0-301F-11D3-BF4B-00C04F79EFBC}") = "ConsoleApp1", "ConsoleApp1\ConsoleApp1.csproj", "{851CDFCA-097D-4F7E-9596-07163BD8743E}"
EndProject
Global
	GlobalSection(SolutionConfigurationPlatforms) = preSolution
		Debug|Any CPU = Debug|Any CPU
		Debug|x64 = Debug|x64
		Debug|x86 = Debug|x86
		Release|Any CPU = Release|Any CPU
		Release|x64 = Release|x64
		Release|x86 = Release|x86
	EndGlobalSection
	GlobalSection(ProjectConfigurationPlatforms) = postSolution
		{684F43A3-6E93-4823-9BE5-2FDAD9DB57FC}.Debug|Any CPU.ActiveCfg = Debug|x64
		{684F43A3-6E93-4823-9BE5-2FDAD9DB57FC}.Debug|Any CPU.Build.0 = Debug|x64
		{684F43A3-6E93-4823-9BE5-2FDAD9DB57FC}.Debug|x64.ActiveCfg = Debug|x64
		{684F43A3-6E93-4823-9BE5-2FDAD9DB57FC}.Debug|x64.Build.0 = Debug|x64
		{684F43A3-6E93-4823-9BE5-2FDAD9DB57FC}.Debug|x86.ActiveCfg = Debug|Win32
		{684F43A3-6E93-4823-9BE5-2FDAD9DB57FC}.Debug|x86.Build.0 = Debug|Win32
		{684F43A3-6E93-4823-9BE5-2FDAD9DB57FC}.Release|Any CPU.ActiveCfg = Release|x64
		{684F43A3-6E93-4823-9BE5-2FDAD9DB57FC}.Release|Any CPU.Build.0 = Release|x64
		{684F43A3-6E93-4823-9BE5-2FDAD9DB57FC}.Release|x64.ActiveCfg = Release|x64
		{684F43A3-6E93-4823-9BE5-2FDAD9DB57FC}.Release|x64.Build.0 = Release|x64
		{684F43A3-6E93-4823-9BE5-2FDAD9DB57FC}.Release|x86.ActiveCfg = Release|Win32
		{684F43A3-6E93-4823-9BE5-2FDAD9DB57FC}.Release|x86.Build.0 = Release|Win32
		{851CDFCA-097D-4F7E-9596-07163BD8743E}.Debug|Any CPU.ActiveCfg = Debug|Any CPU
		{851CDFCA-097D-4F7E-9596-07163BD8743E}.Debug|Any CPU.Build.0 = Debug|Any CPU
		{851CDFCA-097D-4F7E-9596-07163BD8743E}.Debug|x64.ActiveCfg = Debug|Any CPU
		{851CDFCA-097D-4F7E-9596-07163BD8743E}.Debug|x64.Build.0 = Debug|Any CPU
		{851CDFCA-097D-4F7E-9596-07163BD8743E}.Debug|x86.ActiveCfg = Debug|Any CPU
		{851CDFCA-097D-4F7E-9596-07163BD8743E}.Debug|x86.Build.0 = Debug|Any CPU
		{851CDFCA-097D-4F7E-9596-07163BD8743E}.Release|Any CPU.ActiveCfg = Release|Any CPU
		{851CDFCA-097D-4F7E-9596-07163BD8743E}.Release|Any CPU.Build.0 = Release|Any CPU
		{851CDFCA-097D-4F7E-9596-07163BD8743E}.Release|x64.ActiveCfg = Release|Any CPU
		{851CDFCA-097D-4F7E-9596-07163BD8743E}.Release|x64.Build.0 = Release|Any CPU
		{851CDFCA-097D-4F7E-9596-07163BD8743E}.Release|x86.ActiveCfg = Release|Any CPU
		{851CDFCA-097D-4F7E-9596-07163BD8743E}.Release|x86.Build.0 = Release|Any CPU
	EndGlobalSection
	GlobalSection(SolutionProperties) = preSolution
		HideSolutionNode = FALSE
	EndGlobalSection
	GlobalSection(ExtensibilityGlobals) = postSolution
		SolutionGuid = {A0B2C46B-D7E2-4542-9509-AA2E436696F9}
	EndGlobalSection
EndGlobal
